
Microsoft Visual Studio Solution File, Format Version 12.00
Project("{FAE04EC0-301F-11D3-BF4B-00C04F79EFBC}") = "IdentityServer4Empty", "IdentityServer4Empty\IdentityServer4Empty.csproj", "{F7C83AAA-A43D-4D79-9FE8-BECA47380D2F}"
EndProject
Project("{FAE04EC0-301F-11D3-BF4B-00C04F79EFBC}") = "WebApi", "WebApi\WebApi.csproj", "{CB85CAFE-2496-4FD7-BAC7-3E1A2FCA2B1B}"
EndProject
Project("{FAE04EC0-301F-11D3-BF4B-00C04F79EFBC}") = "ConsoleClient", "ConsoleClient\ConsoleClient.csproj", "{50C4BCA3-38BC-40E8-9961-677B88F7FD3A}"
EndProject
Project("{FAE04EC0-301F-11D3-BF4B-00C04F79EFBC}") = "Mvc", "Mvc\Mvc.csproj", "{64813474-A907-4D77-BA00-115D1D29827C}"
EndProject
Global
	GlobalSection(SolutionConfigurationPlatforms) = preSolution
		Debug|Any CPU = Debug|Any CPU
		Release|Any CPU = Release|Any CPU
	EndGlobalSection
	GlobalSection(ProjectConfigurationPlatforms) = postSolution
		{F7C83AAA-A43D-4D79-9FE8-BECA47380D2F}.Debug|Any CPU.ActiveCfg = Debug|Any CPU
		{F7C83AAA-A43D-4D79-9FE8-BECA47380D2F}.Debug|Any CPU.Build.0 = Debug|Any CPU
		{F7C83AAA-A43D-4D79-9FE8-BECA47380D2F}.Release|Any CPU.ActiveCfg = Release|Any CPU
		{F7C83AAA-A43D-4D79-9FE8-BECA47380D2F}.Release|Any CPU.Build.0 = Release|Any CPU
		{CB85CAFE-2496-4FD7-BAC7-3E1A2FCA2B1B}.Debug|Any CPU.ActiveCfg = Debug|Any CPU
		{CB85CAFE-2496-4FD7-BAC7-3E1A2FCA2B1B}.Debug|Any CPU.Build.0 = Debug|Any CPU
		{CB85CAFE-2496-4FD7-BAC7-3E1A2FCA2B1B}.Release|Any CPU.ActiveCfg = Release|Any CPU
		{CB85CAFE-2496-4FD7-BAC7-3E1A2FCA2B1B}.Release|Any CPU.Build.0 = Release|Any CPU
		{50C4BCA3-38BC-40E8-9961-677B88F7FD3A}.Debug|Any CPU.ActiveCfg = Debug|Any CPU
		{50C4BCA3-38BC-40E8-9961-677B88F7FD3A}.Debug|Any CPU.Build.0 = Debug|Any CPU
		{50C4BCA3-38BC-40E8-9961-677B88F7FD3A}.Release|Any CPU.ActiveCfg = Release|Any CPU
		{50C4BCA3-38BC-40E8-9961-677B88F7FD3A}.Release|Any CPU.Build.0 = Release|Any CPU
		{64813474-A907-4D77-BA00-115D1D29827C}.Debug|Any CPU.ActiveCfg = Debug|Any CPU
		{64813474-A907-4D77-BA00-115D1D29827C}.Debug|Any CPU.Build.0 = Debug|Any CPU
		{64813474-A907-4D77-BA00-115D1D29827C}.Release|Any CPU.ActiveCfg = Release|Any CPU
		{64813474-A907-4D77-BA00-115D1D29827C}.Release|Any CPU.Build.0 = Release|Any CPU
	EndGlobalSection
EndGlobal
